
Microsoft Visual Studio Solution File, Format Version 12.00
# Visual Studio 15
VisualStudioVersion = 15.0.26228.4
MinimumVisualStudioVersion = 10.0.40219.1
Project("{2150E333-8FDC-42A3-9474-1A3956D46DE8}") = "Data", "Data", "{E8A7B701-CCF6-4045-A23C-935F274913B0}"
EndProject
Project("{2150E333-8FDC-42A3-9474-1A3956D46DE8}") = "Common", "Common", "{C9A621F5-7B5A-4A9C-84FE-6AA1B7F79973}"
EndProject
Project("{FAE04EC0-301F-11D3-BF4B-00C04F79EFBC}") = "NF.Bussiness.Interface", "NF.Bussiness.Inteface\NF.Bussiness.Interface.csproj", "{DF7E6B7A-68B1-4B82-BEB7-2A9D3BE67AE8}"
EndProject
Project("{FAE04EC0-301F-11D3-BF4B-00C04F79EFBC}") = "NF.Bussiness.Service", "NF.Bussiness.Service\NF.Bussiness.Service.csproj", "{D31510E5-4DB6-43CC-A95A-D25BE17E29B5}"
EndProject
Project("{FAE04EC0-301F-11D3-BF4B-00C04F79EFBC}") = "NF.Framework", "NF.Framework\NF.Framework.csproj", "{1AA96081-172B-4ABF-8054-6634834BA61A}"
EndProject
Project("{FAE04EC0-301F-11D3-BF4B-00C04F79EFBC}") = "NF.Web.Core", "NF.Web.Core\NF.Web.Core.csproj", "{7F186030-1AA2-45E7-9324-A4BD9CE6B2A8}"
EndProject
Project("{2150E333-8FDC-42A3-9474-1A3956D46DE8}") = "Client", "Client", "{C41E8FA3-4D7A-49DD-AFC5-E4EDFBA6E853}"
EndProject
Project("{FAE04EC0-301F-11D3-BF4B-00C04F79EFBC}") = "NF.EF.Model", "NF.EF.Model\NF.EF.Model.csproj", "{554E3F8D-97C8-4806-A974-42A6A9F9F8DA}"
EndProject
Project("{FAE04EC0-301F-11D3-BF4B-00C04F79EFBC}") = "CRM", "CRM\CRM.csproj", "{F4CF33FD-AAA8-4A5A-BDF1-74B52454CC49}"
EndProject
Project("{2150E333-8FDC-42A3-9474-1A3956D46DE8}") = "DataAccess", "DataAccess", "{1884672C-FF1C-446E-A99A-20D4B8E05265}"
EndProject
Project("{FAE04EC0-301F-11D3-BF4B-00C04F79EFBC}") = "NF.BLL", "NF.BLL\NF.BLL.csproj", "{5F848D7F-E889-4650-89A7-7BFCF3281EE5}"
EndProject
Project("{FAE04EC0-301F-11D3-BF4B-00C04F79EFBC}") = "NF.MODEL", "NF.MODEL\NF.MODEL.csproj", "{23EDBFFB-5109-415A-BDA0-01974E612B81}"
EndProject
Project("{FAE04EC0-301F-11D3-BF4B-00C04F79EFBC}") = "NF.DAL", "NF.DAL\NF.DAL.csproj", "{F72ACBAB-5DC3-40B1-96F8-FB4B025CB9C2}"
EndProject
Project("{FAE04EC0-301F-11D3-BF4B-00C04F79EFBC}") = "NF.NC.Interface", "NF.NC.Interface\NF.NC.Interface.csproj", "{D99C28CE-7E80-4C2C-BCF6-2C6E2C805F5C}"
EndProject
Global
	GlobalSection(SolutionConfigurationPlatforms) = preSolution
		Debug|Any CPU = Debug|Any CPU
		Release|Any CPU = Release|Any CPU
	EndGlobalSection
	GlobalSection(ProjectConfigurationPlatforms) = postSolution
		{DF7E6B7A-68B1-4B82-BEB7-2A9D3BE67AE8}.Debug|Any CPU.ActiveCfg = Debug|Any CPU
		{DF7E6B7A-68B1-4B82-BEB7-2A9D3BE67AE8}.Debug|Any CPU.Build.0 = Debug|Any CPU
		{DF7E6B7A-68B1-4B82-BEB7-2A9D3BE67AE8}.Release|Any CPU.ActiveCfg = Release|Any CPU
		{DF7E6B7A-68B1-4B82-BEB7-2A9D3BE67AE8}.Release|Any CPU.Build.0 = Release|Any CPU
		{D31510E5-4DB6-43CC-A95A-D25BE17E29B5}.Debug|Any CPU.ActiveCfg = Debug|Any CPU
		{D31510E5-4DB6-43CC-A95A-D25BE17E29B5}.Debug|Any CPU.Build.0 = Debug|Any CPU
		{D31510E5-4DB6-43CC-A95A-D25BE17E29B5}.Release|Any CPU.ActiveCfg = Release|Any CPU
		{D31510E5-4DB6-43CC-A95A-D25BE17E29B5}.Release|Any CPU.Build.0 = Release|Any CPU
		{1AA96081-172B-4ABF-8054-6634834BA61A}.Debug|Any CPU.ActiveCfg = Debug|Any CPU
		{1AA96081-172B-4ABF-8054-6634834BA61A}.Debug|Any CPU.Build.0 = Debug|Any CPU
		{1AA96081-172B-4ABF-8054-6634834BA61A}.Release|Any CPU.ActiveCfg = Release|Any CPU
		{1AA96081-172B-4ABF-8054-6634834BA61A}.Release|Any CPU.Build.0 = Release|Any CPU
		{7F186030-1AA2-45E7-9324-A4BD9CE6B2A8}.Debug|Any CPU.ActiveCfg = Debug|Any CPU
		{7F186030-1AA2-45E7-9324-A4BD9CE6B2A8}.Debug|Any CPU.Build.0 = Debug|Any CPU
		{7F186030-1AA2-45E7-9324-A4BD9CE6B2A8}.Release|Any CPU.ActiveCfg = Release|Any CPU
		{7F186030-1AA2-45E7-9324-A4BD9CE6B2A8}.Release|Any CPU.Build.0 = Release|Any CPU
		{554E3F8D-97C8-4806-A974-42A6A9F9F8DA}.Debug|Any CPU.ActiveCfg = Debug|Any CPU
		{554E3F8D-97C8-4806-A974-42A6A9F9F8DA}.Debug|Any CPU.Build.0 = Debug|Any CPU
		{554E3F8D-97C8-4806-A974-42A6A9F9F8DA}.Release|Any CPU.ActiveCfg = Release|Any CPU
		{554E3F8D-97C8-4806-A974-42A6A9F9F8DA}.Release|Any CPU.Build.0 = Release|Any CPU
		{F4CF33FD-AAA8-4A5A-BDF1-74B52454CC49}.Debug|Any CPU.ActiveCfg = Debug|Any CPU
		{F4CF33FD-AAA8-4A5A-BDF1-74B52454CC49}.Debug|Any CPU.Build.0 = Debug|Any CPU
		{F4CF33FD-AAA8-4A5A-BDF1-74B52454CC49}.Release|Any CPU.ActiveCfg = Release|Any CPU
		{F4CF33FD-AAA8-4A5A-BDF1-74B52454CC49}.Release|Any CPU.Build.0 = Release|Any CPU
		{5F848D7F-E889-4650-89A7-7BFCF3281EE5}.Debug|Any CPU.ActiveCfg = Debug|Any CPU
		{5F848D7F-E889-4650-89A7-7BFCF3281EE5}.Debug|Any CPU.Build.0 = Debug|Any CPU
		{5F848D7F-E889-4650-89A7-7BFCF3281EE5}.Release|Any CPU.ActiveCfg = Release|Any CPU
		{5F848D7F-E889-4650-89A7-7BFCF3281EE5}.Release|Any CPU.Build.0 = Release|Any CPU
		{23EDBFFB-5109-415A-BDA0-01974E612B81}.Debug|Any CPU.ActiveCfg = Debug|Any CPU
		{23EDBFFB-5109-415A-BDA0-01974E612B81}.Debug|Any CPU.Build.0 = Debug|Any CPU
		{23EDBFFB-5109-415A-BDA0-01974E612B81}.Release|Any CPU.ActiveCfg = Release|Any CPU
		{23EDBFFB-5109-415A-BDA0-01974E612B81}.Release|Any CPU.Build.0 = Release|Any CPU
		{F72ACBAB-5DC3-40B1-96F8-FB4B025CB9C2}.Debug|Any CPU.ActiveCfg = Debug|Any CPU
		{F72ACBAB-5DC3-40B1-96F8-FB4B025CB9C2}.Debug|Any CPU.Build.0 = Debug|Any CPU
		{F72ACBAB-5DC3-40B1-96F8-FB4B025CB9C2}.Release|Any CPU.ActiveCfg = Release|Any CPU
		{F72ACBAB-5DC3-40B1-96F8-FB4B025CB9C2}.Release|Any CPU.Build.0 = Release|Any CPU
		{D99C28CE-7E80-4C2C-BCF6-2C6E2C805F5C}.Debug|Any CPU.ActiveCfg = Debug|Any CPU
		{D99C28CE-7E80-4C2C-BCF6-2C6E2C805F5C}.Debug|Any CPU.Build.0 = Debug|Any CPU
		{D99C28CE-7E80-4C2C-BCF6-2C6E2C805F5C}.Release|Any CPU.ActiveCfg = Release|Any CPU
		{D99C28CE-7E80-4C2C-BCF6-2C6E2C805F5C}.Release|Any CPU.Build.0 = Release|Any CPU
	EndGlobalSection
	GlobalSection(SolutionProperties) = preSolution
		HideSolutionNode = FALSE
	EndGlobalSection
	GlobalSection(NestedProjects) = preSolution
		{DF7E6B7A-68B1-4B82-BEB7-2A9D3BE67AE8} = {E8A7B701-CCF6-4045-A23C-935F274913B0}
		{D31510E5-4DB6-43CC-A95A-D25BE17E29B5} = {E8A7B701-CCF6-4045-A23C-935F274913B0}
		{1AA96081-172B-4ABF-8054-6634834BA61A} = {C9A621F5-7B5A-4A9C-84FE-6AA1B7F79973}
		{7F186030-1AA2-45E7-9324-A4BD9CE6B2A8} = {C9A621F5-7B5A-4A9C-84FE-6AA1B7F79973}
		{554E3F8D-97C8-4806-A974-42A6A9F9F8DA} = {E8A7B701-CCF6-4045-A23C-935F274913B0}
		{F4CF33FD-AAA8-4A5A-BDF1-74B52454CC49} = {C41E8FA3-4D7A-49DD-AFC5-E4EDFBA6E853}
		{5F848D7F-E889-4650-89A7-7BFCF3281EE5} = {1884672C-FF1C-446E-A99A-20D4B8E05265}
		{23EDBFFB-5109-415A-BDA0-01974E612B81} = {1884672C-FF1C-446E-A99A-20D4B8E05265}
		{F72ACBAB-5DC3-40B1-96F8-FB4B025CB9C2} = {1884672C-FF1C-446E-A99A-20D4B8E05265}
		{D99C28CE-7E80-4C2C-BCF6-2C6E2C805F5C} = {1884672C-FF1C-446E-A99A-20D4B8E05265}
	EndGlobalSection
	GlobalSection(ExtensibilityGlobals) = postSolution
		SolutionGuid = {0827BCA6-F4E6-46AC-930B-3520A512E965}
	EndGlobalSection
EndGlobal
